// !$*UTF8*$!
{
	archiveVersion = 1;
	classes = {
	};
	objectVersion = 48;
	objects = {

/* Begin PBXBuildFile section */
		0605195A1EF63A4E00EF8CC6 /* MessageFilterExtension.swift in Sources */ = {isa = PBXBuildFile; fileRef = 060519591EF63A4E00EF8CC6 /* MessageFilterExtension.swift */; };
		0605195E1EF63A4E00EF8CC6 /* MessagesFilter.appex in Embed App Extensions */ = {isa = PBXBuildFile; fileRef = 060519571EF63A4E00EF8CC6 /* MessagesFilter.appex */; settings = {ATTRIBUTES = (RemoveHeadersOnCopy, ); }; };
		060519671EF63CE500EF8CC6 /* IdentityLookup.storyboard in Resources */ = {isa = PBXBuildFile; fileRef = 060519661EF63CE500EF8CC6 /* IdentityLookup.storyboard */; };
		060519691EF63CF000EF8CC6 /* IdentityLookupViewController.swift in Sources */ = {isa = PBXBuildFile; fileRef = 060519681EF63CF000EF8CC6 /* IdentityLookupViewController.swift */; };
		062096091EF6DDE50019E369 /* Inceptionv3.mlmodel in Sources */ = {isa = PBXBuildFile; fileRef = 062096081EF6DDD60019E369 /* Inceptionv3.mlmodel */; };
		0620960D1EF75A8C0019E369 /* UIViewController+Alert.swift in Sources */ = {isa = PBXBuildFile; fileRef = 0620960C1EF75A8C0019E369 /* UIViewController+Alert.swift */; };
		0620960F1EF75BCE0019E369 /* UserDefaults+Storage.swift in Sources */ = {isa = PBXBuildFile; fileRef = 0620960E1EF75BCE0019E369 /* UserDefaults+Storage.swift */; };
		062096101EF75BEA0019E369 /* UserDefaults+Storage.swift in Sources */ = {isa = PBXBuildFile; fileRef = 0620960E1EF75BCE0019E369 /* UserDefaults+Storage.swift */; };
		0681D0C61EF83C3300BFB6D5 /* PayloadTableViewCell.swift in Sources */ = {isa = PBXBuildFile; fileRef = 0681D0C51EF83C3300BFB6D5 /* PayloadTableViewCell.swift */; };
		06B51C781EF543DD00CA9279 /* AppDelegate.swift in Sources */ = {isa = PBXBuildFile; fileRef = 06B51C771EF543DD00CA9279 /* AppDelegate.swift */; };
		06B51C7A1EF543DD00CA9279 /* ViewController.swift in Sources */ = {isa = PBXBuildFile; fileRef = 06B51C791EF543DD00CA9279 /* ViewController.swift */; };
		06B51C7D1EF543DD00CA9279 /* Main.storyboard in Resources */ = {isa = PBXBuildFile; fileRef = 06B51C7B1EF543DD00CA9279 /* Main.storyboard */; };
		06B51C7F1EF543DD00CA9279 /* Assets.xcassets in Resources */ = {isa = PBXBuildFile; fileRef = 06B51C7E1EF543DD00CA9279 /* Assets.xcassets */; };
		06B51C821EF543DD00CA9279 /* LaunchScreen.storyboard in Resources */ = {isa = PBXBuildFile; fileRef = 06B51C801EF543DD00CA9279 /* LaunchScreen.storyboard */; };
		06B51C8A1EF5454000CA9279 /* DataSource.swift in Sources */ = {isa = PBXBuildFile; fileRef = 06B51C891EF5454000CA9279 /* DataSource.swift */; };
		06B51C8D1EF547C600CA9279 /* Vision.storyboard in Resources */ = {isa = PBXBuildFile; fileRef = 06B51C8C1EF547C600CA9279 /* Vision.storyboard */; };
		06B51C8F1EF547D400CA9279 /* VisionViewController.swift in Sources */ = {isa = PBXBuildFile; fileRef = 06B51C8E1EF547D400CA9279 /* VisionViewController.swift */; };
		06B51C931EF5596F00CA9279 /* CoreML.storyboard in Resources */ = {isa = PBXBuildFile; fileRef = 06B51C921EF5596F00CA9279 /* CoreML.storyboard */; };
		06B51C951EF5597900CA9279 /* CoreMLViewController.swift in Sources */ = {isa = PBXBuildFile; fileRef = 06B51C941EF5597900CA9279 /* CoreMLViewController.swift */; };
		06ED736D1EF65C0B0060456F /* CoreNFC.storyboard in Resources */ = {isa = PBXBuildFile; fileRef = 06ED736C1EF65C0B0060456F /* CoreNFC.storyboard */; };
		06ED73711EF65C2F0060456F /* CoreNFCViewController.swift in Sources */ = {isa = PBXBuildFile; fileRef = 06ED73701EF65C2F0060456F /* CoreNFCViewController.swift */; };
		06F9D6201EF6758200E0A4FB /* DeviceCheck.storyboard in Resources */ = {isa = PBXBuildFile; fileRef = 06F9D61E1EF674EC00E0A4FB /* DeviceCheck.storyboard */; };
		06F9D6211EF6758500E0A4FB /* DeviceCheckViewController.swift in Sources */ = {isa = PBXBuildFile; fileRef = 06F9D61F1EF674EC00E0A4FB /* DeviceCheckViewController.swift */; };
		06F9D6441EF6B02100E0A4FB /* ARKit.storyboard in Resources */ = {isa = PBXBuildFile; fileRef = 06F9D6431EF6B02100E0A4FB /* ARKit.storyboard */; };
		06F9D6461EF6B02A00E0A4FB /* ARKitViewController.swift in Sources */ = {isa = PBXBuildFile; fileRef = 06F9D6451EF6B02A00E0A4FB /* ARKitViewController.swift */; };
		06F9D6481EF6B32900E0A4FB /* art.scnassets in Resources */ = {isa = PBXBuildFile; fileRef = 06F9D6471EF6B07300E0A4FB /* art.scnassets */; };
		06F9D64A1EF6C5F900E0A4FB /* UIImage+Processing.swift in Sources */ = {isa = PBXBuildFile; fileRef = 06F9D6491EF6C5F900E0A4FB /* UIImage+Processing.swift */; };
/* End PBXBuildFile section */

/* Begin PBXContainerItemProxy section */
		0605195C1EF63A4E00EF8CC6 /* PBXContainerItemProxy */ = {
			isa = PBXContainerItemProxy;
			containerPortal = 06B51C6C1EF543DD00CA9279 /* Project object */;
			proxyType = 1;
			remoteGlobalIDString = 060519561EF63A4E00EF8CC6;
			remoteInfo = MessagesFilter;
		};
/* End PBXContainerItemProxy section */

/* Begin PBXCopyFilesBuildPhase section */
		060519621EF63A4E00EF8CC6 /* Embed App Extensions */ = {
			isa = PBXCopyFilesBuildPhase;
			buildActionMask = 2147483647;
			dstPath = "";
			dstSubfolderSpec = 13;
			files = (
				0605195E1EF63A4E00EF8CC6 /* MessagesFilter.appex in Embed App Extensions */,
			);
			name = "Embed App Extensions";
			runOnlyForDeploymentPostprocessing = 0;
		};
/* End PBXCopyFilesBuildPhase section */

/* Begin PBXFileReference section */
		060519571EF63A4E00EF8CC6 /* MessagesFilter.appex */ = {isa = PBXFileReference; explicitFileType = "wrapper.app-extension"; includeInIndex = 0; path = MessagesFilter.appex; sourceTree = BUILT_PRODUCTS_DIR; };
		060519591EF63A4E00EF8CC6 /* MessageFilterExtension.swift */ = {isa = PBXFileReference; lastKnownFileType = sourcecode.swift; path = MessageFilterExtension.swift; sourceTree = "<group>"; };
		0605195B1EF63A4E00EF8CC6 /* Info.plist */ = {isa = PBXFileReference; lastKnownFileType = text.plist.xml; path = Info.plist; sourceTree = "<group>"; };
		060519631EF63C9600EF8CC6 /* MessagesFilter.entitlements */ = {isa = PBXFileReference; lastKnownFileType = text.plist.entitlements; path = MessagesFilter.entitlements; sourceTree = "<group>"; };
		060519641EF63CC000EF8CC6 /* iOS-11-by-Examples.entitlements */ = {isa = PBXFileReference; lastKnownFileType = text.plist.entitlements; path = "iOS-11-by-Examples.entitlements"; sourceTree = "<group>"; };
		060519661EF63CE500EF8CC6 /* IdentityLookup.storyboard */ = {isa = PBXFileReference; lastKnownFileType = file.storyboard; path = IdentityLookup.storyboard; sourceTree = "<group>"; };
		060519681EF63CF000EF8CC6 /* IdentityLookupViewController.swift */ = {isa = PBXFileReference; lastKnownFileType = sourcecode.swift; path = IdentityLookupViewController.swift; sourceTree = "<group>"; };
		062096081EF6DDD60019E369 /* Inceptionv3.mlmodel */ = {isa = PBXFileReference; lastKnownFileType = file.mlmodel; path = Inceptionv3.mlmodel; sourceTree = "<group>"; };
		0620960C1EF75A8C0019E369 /* UIViewController+Alert.swift */ = {isa = PBXFileReference; lastKnownFileType = sourcecode.swift; path = "UIViewController+Alert.swift"; sourceTree = "<group>"; };
		0620960E1EF75BCE0019E369 /* UserDefaults+Storage.swift */ = {isa = PBXFileReference; lastKnownFileType = sourcecode.swift; path = "UserDefaults+Storage.swift"; sourceTree = "<group>"; };
		0681D0C51EF83C3300BFB6D5 /* PayloadTableViewCell.swift */ = {isa = PBXFileReference; lastKnownFileType = sourcecode.swift; path = PayloadTableViewCell.swift; sourceTree = "<group>"; };
		06B51C741EF543DD00CA9279 /* iOS-11-by-Examples.app */ = {isa = PBXFileReference; explicitFileType = wrapper.application; includeInIndex = 0; path = "iOS-11-by-Examples.app"; sourceTree = BUILT_PRODUCTS_DIR; };
		06B51C771EF543DD00CA9279 /* AppDelegate.swift */ = {isa = PBXFileReference; lastKnownFileType = sourcecode.swift; path = AppDelegate.swift; sourceTree = "<group>"; };
		06B51C791EF543DD00CA9279 /* ViewController.swift */ = {isa = PBXFileReference; lastKnownFileType = sourcecode.swift; path = ViewController.swift; sourceTree = "<group>"; };
		06B51C7C1EF543DD00CA9279 /* Base */ = {isa = PBXFileReference; lastKnownFileType = file.storyboard; name = Base; path = Base.lproj/Main.storyboard; sourceTree = "<group>"; };
		06B51C7E1EF543DD00CA9279 /* Assets.xcassets */ = {isa = PBXFileReference; lastKnownFileType = folder.assetcatalog; path = Assets.xcassets; sourceTree = "<group>"; };
		06B51C811EF543DD00CA9279 /* Base */ = {isa = PBXFileReference; lastKnownFileType = file.storyboard; name = Base; path = Base.lproj/LaunchScreen.storyboard; sourceTree = "<group>"; };
		06B51C831EF543DD00CA9279 /* Info.plist */ = {isa = PBXFileReference; lastKnownFileType = text.plist.xml; path = Info.plist; sourceTree = "<group>"; };
		06B51C891EF5454000CA9279 /* DataSource.swift */ = {isa = PBXFileReference; lastKnownFileType = sourcecode.swift; path = DataSource.swift; sourceTree = "<group>"; };
		06B51C8C1EF547C600CA9279 /* Vision.storyboard */ = {isa = PBXFileReference; lastKnownFileType = file.storyboard; path = Vision.storyboard; sourceTree = "<group>"; };
		06B51C8E1EF547D400CA9279 /* VisionViewController.swift */ = {isa = PBXFileReference; lastKnownFileType = sourcecode.swift; path = VisionViewController.swift; sourceTree = "<group>"; };
		06B51C901EF5492800CA9279 /* README.md */ = {isa = PBXFileReference; lastKnownFileType = net.daringfireball.markdown; path = README.md; sourceTree = "<group>"; };
		06B51C921EF5596F00CA9279 /* CoreML.storyboard */ = {isa = PBXFileReference; lastKnownFileType = file.storyboard; path = CoreML.storyboard; sourceTree = "<group>"; };
		06B51C941EF5597900CA9279 /* CoreMLViewController.swift */ = {isa = PBXFileReference; lastKnownFileType = sourcecode.swift; path = CoreMLViewController.swift; sourceTree = "<group>"; };
		06ED736C1EF65C0B0060456F /* CoreNFC.storyboard */ = {isa = PBXFileReference; lastKnownFileType = file.storyboard; path = CoreNFC.storyboard; sourceTree = "<group>"; };
		06ED73701EF65C2F0060456F /* CoreNFCViewController.swift */ = {isa = PBXFileReference; lastKnownFileType = sourcecode.swift; path = CoreNFCViewController.swift; sourceTree = "<group>"; };
		06F9D61E1EF674EC00E0A4FB /* DeviceCheck.storyboard */ = {isa = PBXFileReference; lastKnownFileType = file.storyboard; path = DeviceCheck.storyboard; sourceTree = "<group>"; };
		06F9D61F1EF674EC00E0A4FB /* DeviceCheckViewController.swift */ = {isa = PBXFileReference; lastKnownFileType = sourcecode.swift; path = DeviceCheckViewController.swift; sourceTree = "<group>"; };
		06F9D6431EF6B02100E0A4FB /* ARKit.storyboard */ = {isa = PBXFileReference; lastKnownFileType = file.storyboard; path = ARKit.storyboard; sourceTree = "<group>"; };
		06F9D6451EF6B02A00E0A4FB /* ARKitViewController.swift */ = {isa = PBXFileReference; lastKnownFileType = sourcecode.swift; path = ARKitViewController.swift; sourceTree = "<group>"; };
		06F9D6471EF6B07300E0A4FB /* art.scnassets */ = {isa = PBXFileReference; lastKnownFileType = wrapper.scnassets; path = art.scnassets; sourceTree = "<group>"; };
		06F9D6491EF6C5F900E0A4FB /* UIImage+Processing.swift */ = {isa = PBXFileReference; lastKnownFileType = sourcecode.swift; path = "UIImage+Processing.swift"; sourceTree = "<group>"; };
/* End PBXFileReference section */

/* Begin PBXFrameworksBuildPhase section */
		060519541EF63A4E00EF8CC6 /* Frameworks */ = {
			isa = PBXFrameworksBuildPhase;
			buildActionMask = 2147483647;
			files = (
			);
			runOnlyForDeploymentPostprocessing = 0;
		};
		06B51C711EF543DD00CA9279 /* Frameworks */ = {
			isa = PBXFrameworksBuildPhase;
			buildActionMask = 2147483647;
			files = (
			);
			runOnlyForDeploymentPostprocessing = 0;
		};
/* End PBXFrameworksBuildPhase section */

/* Begin PBXGroup section */
		060519581EF63A4E00EF8CC6 /* MessagesFilter */ = {
			isa = PBXGroup;
			children = (
				060519631EF63C9600EF8CC6 /* MessagesFilter.entitlements */,
				060519591EF63A4E00EF8CC6 /* MessageFilterExtension.swift */,
				0605195B1EF63A4E00EF8CC6 /* Info.plist */,
			);
			path = MessagesFilter;
			sourceTree = "<group>";
		};
		060519651EF63CDC00EF8CC6 /* IdentityLookup */ = {
			isa = PBXGroup;
			children = (
				060519661EF63CE500EF8CC6 /* IdentityLookup.storyboard */,
				060519681EF63CF000EF8CC6 /* IdentityLookupViewController.swift */,
			);
			path = IdentityLookup;
			sourceTree = "<group>";
		};
		0620960B1EF75A6D0019E369 /* Common */ = {
			isa = PBXGroup;
			children = (
				0620960C1EF75A8C0019E369 /* UIViewController+Alert.swift */,
				0620960E1EF75BCE0019E369 /* UserDefaults+Storage.swift */,
			);
			path = Common;
			sourceTree = "<group>";
		};
		06B51C6B1EF543DD00CA9279 = {
			isa = PBXGroup;
			children = (
				06B51C901EF5492800CA9279 /* README.md */,
				06B51C761EF543DD00CA9279 /* iOS-11-by-Examples */,
				060519581EF63A4E00EF8CC6 /* MessagesFilter */,
				06B51C751EF543DD00CA9279 /* Products */,
			);
			sourceTree = "<group>";
		};
		06B51C751EF543DD00CA9279 /* Products */ = {
			isa = PBXGroup;
			children = (
				06B51C741EF543DD00CA9279 /* iOS-11-by-Examples.app */,
				060519571EF63A4E00EF8CC6 /* MessagesFilter.appex */,
			);
			name = Products;
			sourceTree = "<group>";
		};
		06B51C761EF543DD00CA9279 /* iOS-11-by-Examples */ = {
			isa = PBXGroup;
			children = (
				0620960B1EF75A6D0019E369 /* Common */,
				06F9D6421EF6B01500E0A4FB /* ARKit */,
				06F9D61D1EF674EC00E0A4FB /* DeviceCheck */,
				06ED736B1EF65BFC0060456F /* CoreNFC */,
				060519651EF63CDC00EF8CC6 /* IdentityLookup */,
				060519641EF63CC000EF8CC6 /* iOS-11-by-Examples.entitlements */,
				06B51C911EF5593300CA9279 /* CoreML */,
				06B51C8B1EF547B700CA9279 /* Vision */,
				06B51C771EF543DD00CA9279 /* AppDelegate.swift */,
				06B51C791EF543DD00CA9279 /* ViewController.swift */,
				06B51C891EF5454000CA9279 /* DataSource.swift */,
				06B51C7B1EF543DD00CA9279 /* Main.storyboard */,
				06B51C7E1EF543DD00CA9279 /* Assets.xcassets */,
				06B51C801EF543DD00CA9279 /* LaunchScreen.storyboard */,
				06B51C831EF543DD00CA9279 /* Info.plist */,
			);
			path = "iOS-11-by-Examples";
			sourceTree = "<group>";
		};
		06B51C8B1EF547B700CA9279 /* Vision */ = {
			isa = PBXGroup;
			children = (
				06B51C8C1EF547C600CA9279 /* Vision.storyboard */,
				06B51C8E1EF547D400CA9279 /* VisionViewController.swift */,
			);
			path = Vision;
			sourceTree = "<group>";
		};
		06B51C911EF5593300CA9279 /* CoreML */ = {
			isa = PBXGroup;
			children = (
				062096081EF6DDD60019E369 /* Inceptionv3.mlmodel */,
				06B51C921EF5596F00CA9279 /* CoreML.storyboard */,
				06B51C941EF5597900CA9279 /* CoreMLViewController.swift */,
				06F9D6491EF6C5F900E0A4FB /* UIImage+Processing.swift */,
			);
			path = CoreML;
			sourceTree = "<group>";
		};
		06ED736B1EF65BFC0060456F /* CoreNFC */ = {
			isa = PBXGroup;
			children = (
				06ED736C1EF65C0B0060456F /* CoreNFC.storyboard */,
				06ED73701EF65C2F0060456F /* CoreNFCViewController.swift */,
				0681D0C51EF83C3300BFB6D5 /* PayloadTableViewCell.swift */,
			);
			path = CoreNFC;
			sourceTree = "<group>";
		};
		06F9D61D1EF674EC00E0A4FB /* DeviceCheck */ = {
			isa = PBXGroup;
			children = (
				06F9D61E1EF674EC00E0A4FB /* DeviceCheck.storyboard */,
				06F9D61F1EF674EC00E0A4FB /* DeviceCheckViewController.swift */,
			);
			path = DeviceCheck;
			sourceTree = "<group>";
		};
		06F9D6421EF6B01500E0A4FB /* ARKit */ = {
			isa = PBXGroup;
			children = (
				06F9D6471EF6B07300E0A4FB /* art.scnassets */,
				06F9D6431EF6B02100E0A4FB /* ARKit.storyboard */,
				06F9D6451EF6B02A00E0A4FB /* ARKitViewController.swift */,
			);
			path = ARKit;
			sourceTree = "<group>";
		};
/* End PBXGroup section */

/* Begin PBXNativeTarget section */
		060519561EF63A4E00EF8CC6 /* MessagesFilter */ = {
			isa = PBXNativeTarget;
			buildConfigurationList = 060519611EF63A4E00EF8CC6 /* Build configuration list for PBXNativeTarget "MessagesFilter" */;
			buildPhases = (
				060519531EF63A4E00EF8CC6 /* Sources */,
				060519541EF63A4E00EF8CC6 /* Frameworks */,
				060519551EF63A4E00EF8CC6 /* Resources */,
			);
			buildRules = (
			);
			dependencies = (
			);
			name = MessagesFilter;
			productName = MessagesFilter;
			productReference = 060519571EF63A4E00EF8CC6 /* MessagesFilter.appex */;
			productType = "com.apple.product-type.app-extension";
		};
		06B51C731EF543DD00CA9279 /* iOS-11-by-Examples */ = {
			isa = PBXNativeTarget;
			buildConfigurationList = 06B51C861EF543DD00CA9279 /* Build configuration list for PBXNativeTarget "iOS-11-by-Examples" */;
			buildPhases = (
				06B51C701EF543DD00CA9279 /* Sources */,
				06B51C711EF543DD00CA9279 /* Frameworks */,
				06B51C721EF543DD00CA9279 /* Resources */,
				060519621EF63A4E00EF8CC6 /* Embed App Extensions */,
			);
			buildRules = (
			);
			dependencies = (
				0605195D1EF63A4E00EF8CC6 /* PBXTargetDependency */,
			);
			name = "iOS-11-by-Examples";
			productName = "iOS-11-Sampler";
			productReference = 06B51C741EF543DD00CA9279 /* iOS-11-by-Examples.app */;
			productType = "com.apple.product-type.application";
		};
/* End PBXNativeTarget section */

/* Begin PBXProject section */
		06B51C6C1EF543DD00CA9279 /* Project object */ = {
			isa = PBXProject;
			attributes = {
				LastSwiftUpdateCheck = 0900;
				LastUpgradeCheck = 0900;
				ORGANIZATIONNAME = "Artem Novichkov";
				TargetAttributes = {
					060519561EF63A4E00EF8CC6 = {
						CreatedOnToolsVersion = 9.0;
						SystemCapabilities = {
							com.apple.ApplicationGroups.iOS = {
								enabled = 1;
							};
						};
					};
					06B51C731EF543DD00CA9279 = {
						CreatedOnToolsVersion = 9.0;
						SystemCapabilities = {
							com.apple.ApplicationGroups.iOS = {
								enabled = 1;
							};
						};
					};
				};
			};
			buildConfigurationList = 06B51C6F1EF543DD00CA9279 /* Build configuration list for PBXProject "iOS-11-by-Examples" */;
			compatibilityVersion = "Xcode 8.0";
			developmentRegion = en;
			hasScannedForEncodings = 0;
			knownRegions = (
				en,
				Base,
			);
			mainGroup = 06B51C6B1EF543DD00CA9279;
			productRefGroup = 06B51C751EF543DD00CA9279 /* Products */;
			projectDirPath = "";
			projectRoot = "";
			targets = (
				06B51C731EF543DD00CA9279 /* iOS-11-by-Examples */,
				060519561EF63A4E00EF8CC6 /* MessagesFilter */,
			);
		};
/* End PBXProject section */

/* Begin PBXResourcesBuildPhase section */
		060519551EF63A4E00EF8CC6 /* Resources */ = {
			isa = PBXResourcesBuildPhase;
			buildActionMask = 2147483647;
			files = (
			);
			runOnlyForDeploymentPostprocessing = 0;
		};
		06B51C721EF543DD00CA9279 /* Resources */ = {
			isa = PBXResourcesBuildPhase;
			buildActionMask = 2147483647;
			files = (
				06F9D6481EF6B32900E0A4FB /* art.scnassets in Resources */,
				06F9D6201EF6758200E0A4FB /* DeviceCheck.storyboard in Resources */,
				06B51C8D1EF547C600CA9279 /* Vision.storyboard in Resources */,
				06F9D6441EF6B02100E0A4FB /* ARKit.storyboard in Resources */,
				06B51C821EF543DD00CA9279 /* LaunchScreen.storyboard in Resources */,
				06B51C931EF5596F00CA9279 /* CoreML.storyboard in Resources */,
				06B51C7F1EF543DD00CA9279 /* Assets.xcassets in Resources */,
				060519671EF63CE500EF8CC6 /* IdentityLookup.storyboard in Resources */,
				06ED736D1EF65C0B0060456F /* CoreNFC.storyboard in Resources */,
				06B51C7D1EF543DD00CA9279 /* Main.storyboard in Resources */,
			);
			runOnlyForDeploymentPostprocessing = 0;
		};
/* End PBXResourcesBuildPhase section */

/* Begin PBXSourcesBuildPhase section */
		060519531EF63A4E00EF8CC6 /* Sources */ = {
			isa = PBXSourcesBuildPhase;
			buildActionMask = 2147483647;
			files = (
				062096101EF75BEA0019E369 /* UserDefaults+Storage.swift in Sources */,
				0605195A1EF63A4E00EF8CC6 /* MessageFilterExtension.swift in Sources */,
			);
			runOnlyForDeploymentPostprocessing = 0;
		};
		06B51C701EF543DD00CA9279 /* Sources */ = {
			isa = PBXSourcesBuildPhase;
			buildActionMask = 2147483647;
			files = (
				062096091EF6DDE50019E369 /* Inceptionv3.mlmodel in Sources */,
				06B51C8F1EF547D400CA9279 /* VisionViewController.swift in Sources */,
				0681D0C61EF83C3300BFB6D5 /* PayloadTableViewCell.swift in Sources */,
				06B51C8A1EF5454000CA9279 /* DataSource.swift in Sources */,
				0620960D1EF75A8C0019E369 /* UIViewController+Alert.swift in Sources */,
				06F9D6211EF6758500E0A4FB /* DeviceCheckViewController.swift in Sources */,
				06B51C7A1EF543DD00CA9279 /* ViewController.swift in Sources */,
				06B51C781EF543DD00CA9279 /* AppDelegate.swift in Sources */,
				06F9D6461EF6B02A00E0A4FB /* ARKitViewController.swift in Sources */,
				06F9D64A1EF6C5F900E0A4FB /* UIImage+Processing.swift in Sources */,
				06ED73711EF65C2F0060456F /* CoreNFCViewController.swift in Sources */,
				060519691EF63CF000EF8CC6 /* IdentityLookupViewController.swift in Sources */,
				06B51C951EF5597900CA9279 /* CoreMLViewController.swift in Sources */,
				0620960F1EF75BCE0019E369 /* UserDefaults+Storage.swift in Sources */,
			);
			runOnlyForDeploymentPostprocessing = 0;
		};
/* End PBXSourcesBuildPhase section */

/* Begin PBXTargetDependency section */
		0605195D1EF63A4E00EF8CC6 /* PBXTargetDependency */ = {
			isa = PBXTargetDependency;
			target = 060519561EF63A4E00EF8CC6 /* MessagesFilter */;
			targetProxy = 0605195C1EF63A4E00EF8CC6 /* PBXContainerItemProxy */;
		};
/* End PBXTargetDependency section */

/* Begin PBXVariantGroup section */
		06B51C7B1EF543DD00CA9279 /* Main.storyboard */ = {
			isa = PBXVariantGroup;
			children = (
				06B51C7C1EF543DD00CA9279 /* Base */,
			);
			name = Main.storyboard;
			sourceTree = "<group>";
		};
		06B51C801EF543DD00CA9279 /* LaunchScreen.storyboard */ = {
			isa = PBXVariantGroup;
			children = (
				06B51C811EF543DD00CA9279 /* Base */,
			);
			name = LaunchScreen.storyboard;
			sourceTree = "<group>";
		};
/* End PBXVariantGroup section */

/* Begin XCBuildConfiguration section */
		0605195F1EF63A4E00EF8CC6 /* Debug */ = {
			isa = XCBuildConfiguration;
			buildSettings = {
				CODE_SIGN_ENTITLEMENTS = MessagesFilter/MessagesFilter.entitlements;
				DEVELOPMENT_TEAM = GPVA8JVMU3;
				INFOPLIST_FILE = MessagesFilter/Info.plist;
				LD_RUNPATH_SEARCH_PATHS = "$(inherited) @executable_path/Frameworks @executable_path/../../Frameworks";
				PRODUCT_BUNDLE_IDENTIFIER = "com.artemnovichkov.iOS-11-by-Examples.MessagesFilter";
				PRODUCT_NAME = "$(TARGET_NAME)";
				SKIP_INSTALL = YES;
				SWIFT_VERSION = 4.0;
				TARGETED_DEVICE_FAMILY = "1,2";
			};
			name = Debug;
		};
		060519601EF63A4E00EF8CC6 /* Release */ = {
			isa = XCBuildConfiguration;
			buildSettings = {
				CODE_SIGN_ENTITLEMENTS = MessagesFilter/MessagesFilter.entitlements;
				DEVELOPMENT_TEAM = GPVA8JVMU3;
				INFOPLIST_FILE = MessagesFilter/Info.plist;
				LD_RUNPATH_SEARCH_PATHS = "$(inherited) @executable_path/Frameworks @executable_path/../../Frameworks";
				PRODUCT_BUNDLE_IDENTIFIER = "com.artemnovichkov.iOS-11-by-Examples.MessagesFilter";
				PRODUCT_NAME = "$(TARGET_NAME)";
				SKIP_INSTALL = YES;
				SWIFT_VERSION = 4.0;
				TARGETED_DEVICE_FAMILY = "1,2";
			};
			name = Release;
		};
		06B51C841EF543DD00CA9279 /* Debug */ = {
			isa = XCBuildConfiguration;
			buildSettings = {
				ALWAYS_SEARCH_USER_PATHS = NO;
				CLANG_ANALYZER_NONNULL = YES;
				CLANG_ANALYZER_NUMBER_OBJECT_CONVERSION = YES_AGGRESSIVE;
				CLANG_CXX_LANGUAGE_STANDARD = "gnu++14";
				CLANG_CXX_LIBRARY = "libc++";
				CLANG_ENABLE_MODULES = YES;
				CLANG_ENABLE_OBJC_ARC = YES;
				CLANG_WARN_BLOCK_CAPTURE_AUTORELEASING = YES;
				CLANG_WARN_BOOL_CONVERSION = YES;
				CLANG_WARN_COMMA = YES;
				CLANG_WARN_CONSTANT_CONVERSION = YES;
				CLANG_WARN_DIRECT_OBJC_ISA_USAGE = YES_ERROR;
				CLANG_WARN_DOCUMENTATION_COMMENTS = YES;
				CLANG_WARN_EMPTY_BODY = YES;
				CLANG_WARN_ENUM_CONVERSION = YES;
				CLANG_WARN_INFINITE_RECURSION = YES;
				CLANG_WARN_INT_CONVERSION = YES;
				CLANG_WARN_OBJC_ROOT_CLASS = YES_ERROR;
				CLANG_WARN_RANGE_LOOP_ANALYSIS = YES;
				CLANG_WARN_STRICT_PROTOTYPES = YES;
				CLANG_WARN_SUSPICIOUS_MOVE = YES;
				CLANG_WARN_UNGUARDED_AVAILABILITY = YES_AGGRESSIVE;
				CLANG_WARN_UNREACHABLE_CODE = YES;
				CLANG_WARN__DUPLICATE_METHOD_MATCH = YES;
				CODE_SIGN_IDENTITY = "iPhone Developer";
				COPY_PHASE_STRIP = NO;
				DEBUG_INFORMATION_FORMAT = dwarf;
				ENABLE_STRICT_OBJC_MSGSEND = YES;
				ENABLE_TESTABILITY = YES;
				GCC_C_LANGUAGE_STANDARD = gnu11;
				GCC_DYNAMIC_NO_PIC = NO;
				GCC_NO_COMMON_BLOCKS = YES;
				GCC_OPTIMIZATION_LEVEL = 0;
				GCC_PREPROCESSOR_DEFINITIONS = (
					"DEBUG=1",
					"$(inherited)",
				);
				GCC_WARN_64_TO_32_BIT_CONVERSION = YES;
				GCC_WARN_ABOUT_RETURN_TYPE = YES_ERROR;
				GCC_WARN_UNDECLARED_SELECTOR = YES;
				GCC_WARN_UNINITIALIZED_AUTOS = YES_AGGRESSIVE;
				GCC_WARN_UNUSED_FUNCTION = YES;
				GCC_WARN_UNUSED_VARIABLE = YES;
				IPHONEOS_DEPLOYMENT_TARGET = 11.0;
				MTL_ENABLE_DEBUG_INFO = YES;
				ONLY_ACTIVE_ARCH = YES;
				SDKROOT = iphoneos;
				SWIFT_ACTIVE_COMPILATION_CONDITIONS = DEBUG;
				SWIFT_OPTIMIZATION_LEVEL = "-Onone";
			};
			name = Debug;
		};
		06B51C851EF543DD00CA9279 /* Release */ = {
			isa = XCBuildConfiguration;
			buildSettings = {
				ALWAYS_SEARCH_USER_PATHS = NO;
				CLANG_ANALYZER_NONNULL = YES;
				CLANG_ANALYZER_NUMBER_OBJECT_CONVERSION = YES_AGGRESSIVE;
				CLANG_CXX_LANGUAGE_STANDARD = "gnu++14";
				CLANG_CXX_LIBRARY = "libc++";
				CLANG_ENABLE_MODULES = YES;
				CLANG_ENABLE_OBJC_ARC = YES;
				CLANG_WARN_BLOCK_CAPTURE_AUTORELEASING = YES;
				CLANG_WARN_BOOL_CONVERSION = YES;
				CLANG_WARN_COMMA = YES;
				CLANG_WARN_CONSTANT_CONVERSION = YES;
				CLANG_WARN_DIRECT_OBJC_ISA_USAGE = YES_ERROR;
				CLANG_WARN_DOCUMENTATION_COMMENTS = YES;
				CLANG_WARN_EMPTY_BODY = YES;
				CLANG_WARN_ENUM_CONVERSION = YES;
				CLANG_WARN_INFINITE_RECURSION = YES;
				CLANG_WARN_INT_CONVERSION = YES;
				CLANG_WARN_OBJC_ROOT_CLASS = YES_ERROR;
				CLANG_WARN_RANGE_LOOP_ANALYSIS = YES;
				CLANG_WARN_STRICT_PROTOTYPES = YES;
				CLANG_WARN_SUSPICIOUS_MOVE = YES;
				CLANG_WARN_UNGUARDED_AVAILABILITY = YES_AGGRESSIVE;
				CLANG_WARN_UNREACHABLE_CODE = YES;
				CLANG_WARN__DUPLICATE_METHOD_MATCH = YES;
				CODE_SIGN_IDENTITY = "iPhone Developer";
				COPY_PHASE_STRIP = NO;
				DEBUG_INFORMATION_FORMAT = "dwarf-with-dsym";
				ENABLE_NS_ASSERTIONS = NO;
				ENABLE_STRICT_OBJC_MSGSEND = YES;
				GCC_C_LANGUAGE_STANDARD = gnu11;
				GCC_NO_COMMON_BLOCKS = YES;
				GCC_WARN_64_TO_32_BIT_CONVERSION = YES;
				GCC_WARN_ABOUT_RETURN_TYPE = YES_ERROR;
				GCC_WARN_UNDECLARED_SELECTOR = YES;
				GCC_WARN_UNINITIALIZED_AUTOS = YES_AGGRESSIVE;
				GCC_WARN_UNUSED_FUNCTION = YES;
				GCC_WARN_UNUSED_VARIABLE = YES;
				IPHONEOS_DEPLOYMENT_TARGET = 11.0;
				MTL_ENABLE_DEBUG_INFO = NO;
				SDKROOT = iphoneos;
				SWIFT_OPTIMIZATION_LEVEL = "-Owholemodule";
				VALIDATE_PRODUCT = YES;
			};
			name = Release;
		};
		06B51C871EF543DD00CA9279 /* Debug */ = {
			isa = XCBuildConfiguration;
			buildSettings = {
				ALWAYS_EMBED_SWIFT_STANDARD_LIBRARIES = YES;
				ASSETCATALOG_COMPILER_APPICON_NAME = AppIcon;
				CODE_SIGN_ENTITLEMENTS = "iOS-11-by-Examples/iOS-11-by-Examples.entitlements";
				DEVELOPMENT_TEAM = GPVA8JVMU3;
				INFOPLIST_FILE = "$(SRCROOT)/iOS-11-by-Examples/Info.plist";
				LD_RUNPATH_SEARCH_PATHS = "$(inherited) @executable_path/Frameworks";
				PRODUCT_BUNDLE_IDENTIFIER = "com.artemnovichkov.iOS-11-by-Examples";
				PRODUCT_NAME = "$(TARGET_NAME)";
				SWIFT_VERSION = 4.0;
				TARGETED_DEVICE_FAMILY = "1,2";
			};
			name = Debug;
		};
		06B51C881EF543DD00CA9279 /* Release */ = {
			isa = XCBuildConfiguration;
			buildSettings = {
				ALWAYS_EMBED_SWIFT_STANDARD_LIBRARIES = YES;
				ASSETCATALOG_COMPILER_APPICON_NAME = AppIcon;
				CODE_SIGN_ENTITLEMENTS = "iOS-11-by-Examples/iOS-11-by-Examples.entitlements";
				DEVELOPMENT_TEAM = GPVA8JVMU3;
				INFOPLIST_FILE = "$(SRCROOT)/iOS-11-by-Examples/Info.plist";
				LD_RUNPATH_SEARCH_PATHS = "$(inherited) @executable_path/Frameworks";
				PRODUCT_BUNDLE_IDENTIFIER = "com.artemnovichkov.iOS-11-by-Examples";
				PRODUCT_NAME = "$(TARGET_NAME)";
				SWIFT_VERSION = 4.0;
				TARGETED_DEVICE_FAMILY = "1,2";
			};
			name = Release;
		};
/* End XCBuildConfiguration section */

/* Begin XCConfigurationList section */
		060519611EF63A4E00EF8CC6 /* Build configuration list for PBXNativeTarget "MessagesFilter" */ = {
			isa = XCConfigurationList;
			buildConfigurations = (
				0605195F1EF63A4E00EF8CC6 /* Debug */,
				060519601EF63A4E00EF8CC6 /* Release */,
			);
			defaultConfigurationIsVisible = 0;
			defaultConfigurationName = Release;
		};
		06B51C6F1EF543DD00CA9279 /* Build configuration list for PBXProject "iOS-11-by-Examples" */ = {
			isa = XCConfigurationList;
			buildConfigurations = (
				06B51C841EF543DD00CA9279 /* Debug */,
				06B51C851EF543DD00CA9279 /* Release */,
			);
			defaultConfigurationIsVisible = 0;
			defaultConfigurationName = Release;
		};
		06B51C861EF543DD00CA9279 /* Build configuration list for PBXNativeTarget "iOS-11-by-Examples" */ = {
			isa = XCConfigurationList;
			buildConfigurations = (
				06B51C871EF543DD00CA9279 /* Debug */,
				06B51C881EF543DD00CA9279 /* Release */,
			);
			defaultConfigurationIsVisible = 0;
			defaultConfigurationName = Release;
		};
/* End XCConfigurationList section */
	};
	rootObject = 06B51C6C1EF543DD00CA9279 /* Project object */;
}
