// !$*UTF8*$!
{
	archiveVersion = 1;
	classes = {
	};
	objectVersion = 48;
	objects = {

/* Begin PBXBuildFile section */
		06B51C781EF543DD00CA9279 /* AppDelegate.swift in Sources */ = {isa = PBXBuildFile; fileRef = 06B51C771EF543DD00CA9279 /* AppDelegate.swift */; };
		06B51C7A1EF543DD00CA9279 /* ViewController.swift in Sources */ = {isa = PBXBuildFile; fileRef = 06B51C791EF543DD00CA9279 /* ViewController.swift */; };
		06B51C7D1EF543DD00CA9279 /* Main.storyboard in Resources */ = {isa = PBXBuildFile; fileRef = 06B51C7B1EF543DD00CA9279 /* Main.storyboard */; };
		06B51C7F1EF543DD00CA9279 /* Assets.xcassets in Resources */ = {isa = PBXBuildFile; fileRef = 06B51C7E1EF543DD00CA9279 /* Assets.xcassets */; };
		06B51C821EF543DD00CA9279 /* LaunchScreen.storyboard in Resources */ = {isa = PBXBuildFile; fileRef = 06B51C801EF543DD00CA9279 /* LaunchScreen.storyboard */; };
/* End PBXBuildFile section */

/* Begin PBXFileReference section */
		06B51C741EF543DD00CA9279 /* iOS-11-Sampler.app */ = {isa = PBXFileReference; explicitFileType = wrapper.application; includeInIndex = 0; path = "iOS-11-Sampler.app"; sourceTree = BUILT_PRODUCTS_DIR; };
		06B51C771EF543DD00CA9279 /* AppDelegate.swift */ = {isa = PBXFileReference; lastKnownFileType = sourcecode.swift; path = AppDelegate.swift; sourceTree = "<group>"; };
		06B51C791EF543DD00CA9279 /* ViewController.swift */ = {isa = PBXFileReference; lastKnownFileType = sourcecode.swift; path = ViewController.swift; sourceTree = "<group>"; };
		06B51C7C1EF543DD00CA9279 /* Base */ = {isa = PBXFileReference; lastKnownFileType = file.storyboard; name = Base; path = Base.lproj/Main.storyboard; sourceTree = "<group>"; };
		06B51C7E1EF543DD00CA9279 /* Assets.xcassets */ = {isa = PBXFileReference; lastKnownFileType = folder.assetcatalog; path = Assets.xcassets; sourceTree = "<group>"; };
		06B51C811EF543DD00CA9279 /* Base */ = {isa = PBXFileReference; lastKnownFileType = file.storyboard; name = Base; path = Base.lproj/LaunchScreen.storyboard; sourceTree = "<group>"; };
		06B51C831EF543DD00CA9279 /* Info.plist */ = {isa = PBXFileReference; lastKnownFileType = text.plist.xml; path = Info.plist; sourceTree = "<group>"; };
/* End PBXFileReference section */

/* Begin PBXFrameworksBuildPhase section */
		06B51C711EF543DD00CA9279 /* Frameworks */ = {
			isa = PBXFrameworksBuildPhase;
			buildActionMask = 2147483647;
			files = (
			);
			runOnlyForDeploymentPostprocessing = 0;
		};
/* End PBXFrameworksBuildPhase section */

/* Begin PBXGroup section */
		06B51C6B1EF543DD00CA9279 = {
			isa = PBXGroup;
			children = (
				06B51C761EF543DD00CA9279 /* iOS-11-Sampler */,
				06B51C751EF543DD00CA9279 /* Products */,
			);
			sourceTree = "<group>";
		};
		06B51C751EF543DD00CA9279 /* Products */ = {
			isa = PBXGroup;
			children = (
				06B51C741EF543DD00CA9279 /* iOS-11-Sampler.app */,
			);
			name = Products;
			sourceTree = "<group>";
		};
		06B51C761EF543DD00CA9279 /* iOS-11-Sampler */ = {
			isa = PBXGroup;
			children = (
				06B51C771EF543DD00CA9279 /* AppDelegate.swift */,
				06B51C791EF543DD00CA9279 /* ViewController.swift */,
				06B51C7B1EF543DD00CA9279 /* Main.storyboard */,
				06B51C7E1EF543DD00CA9279 /* Assets.xcassets */,
				06B51C801EF543DD00CA9279 /* LaunchScreen.storyboard */,
				06B51C831EF543DD00CA9279 /* Info.plist */,
			);
			path = "iOS-11-Sampler";
			sourceTree = "<group>";
		};
/* End PBXGroup section */

/* Begin PBXNativeTarget section */
		06B51C731EF543DD00CA9279 /* iOS-11-Sampler */ = {
			isa = PBXNativeTarget;
			buildConfigurationList = 06B51C861EF543DD00CA9279 /* Build configuration list for PBXNativeTarget "iOS-11-Sampler" */;
			buildPhases = (
				06B51C701EF543DD00CA9279 /* Sources */,
				06B51C711EF543DD00CA9279 /* Frameworks */,
				06B51C721EF543DD00CA9279 /* Resources */,
			);
			buildRules = (
			);
			dependencies = (
			);
			name = "iOS-11-Sampler";
			productName = "iOS-11-Sampler";
			productReference = 06B51C741EF543DD00CA9279 /* iOS-11-Sampler.app */;
			productType = "com.apple.product-type.application";
		};
/* End PBXNativeTarget section */

/* Begin PBXProject section */
		06B51C6C1EF543DD00CA9279 /* Project object */ = {
			isa = PBXProject;
			attributes = {
				LastSwiftUpdateCheck = 0900;
				LastUpgradeCheck = 0900;
				ORGANIZATIONNAME = "Artem Novichkov";
				TargetAttributes = {
					06B51C731EF543DD00CA9279 = {
						CreatedOnToolsVersion = 9.0;
					};
				};
			};
			buildConfigurationList = 06B51C6F1EF543DD00CA9279 /* Build configuration list for PBXProject "iOS-11-Sampler" */;
			compatibilityVersion = "Xcode 8.0";
			developmentRegion = en;
			hasScannedForEncodings = 0;
			knownRegions = (
				en,
				Base,
			);
			mainGroup = 06B51C6B1EF543DD00CA9279;
			productRefGroup = 06B51C751EF543DD00CA9279 /* Products */;
			projectDirPath = "";
			projectRoot = "";
			targets = (
				06B51C731EF543DD00CA9279 /* iOS-11-Sampler */,
			);
		};
/* End PBXProject section */

/* Begin PBXResourcesBuildPhase section */
		06B51C721EF543DD00CA9279 /* Resources */ = {
			isa = PBXResourcesBuildPhase;
			buildActionMask = 2147483647;
			files = (
				06B51C821EF543DD00CA9279 /* LaunchScreen.storyboard in Resources */,
				06B51C7F1EF543DD00CA9279 /* Assets.xcassets in Resources */,
				06B51C7D1EF543DD00CA9279 /* Main.storyboard in Resources */,
			);
			runOnlyForDeploymentPostprocessing = 0;
		};
/* End PBXResourcesBuildPhase section */

/* Begin PBXSourcesBuildPhase section */
		06B51C701EF543DD00CA9279 /* Sources */ = {
			isa = PBXSourcesBuildPhase;
			buildActionMask = 2147483647;
			files = (
				06B51C7A1EF543DD00CA9279 /* ViewController.swift in Sources */,
				06B51C781EF543DD00CA9279 /* AppDelegate.swift in Sources */,
			);
			runOnlyForDeploymentPostprocessing = 0;
		};
/* End PBXSourcesBuildPhase section */

/* Begin PBXVariantGroup section */
		06B51C7B1EF543DD00CA9279 /* Main.storyboard */ = {
			isa = PBXVariantGroup;
			children = (
				06B51C7C1EF543DD00CA9279 /* Base */,
			);
			name = Main.storyboard;
			sourceTree = "<group>";
		};
		06B51C801EF543DD00CA9279 /* LaunchScreen.storyboard */ = {
			isa = PBXVariantGroup;
			children = (
				06B51C811EF543DD00CA9279 /* Base */,
			);
			name = LaunchScreen.storyboard;
			sourceTree = "<group>";
		};
/* End PBXVariantGroup section */

/* Begin XCBuildConfiguration section */
		06B51C841EF543DD00CA9279 /* Debug */ = {
			isa = XCBuildConfiguration;
			buildSettings = {
				ALWAYS_SEARCH_USER_PATHS = NO;
				CLANG_ANALYZER_NONNULL = YES;
				CLANG_ANALYZER_NUMBER_OBJECT_CONVERSION = YES_AGGRESSIVE;
				CLANG_CXX_LANGUAGE_STANDARD = "gnu++14";
				CLANG_CXX_LIBRARY = "libc++";
				CLANG_ENABLE_MODULES = YES;
				CLANG_ENABLE_OBJC_ARC = YES;
				CLANG_WARN_BLOCK_CAPTURE_AUTORELEASING = YES;
				CLANG_WARN_BOOL_CONVERSION = YES;
				CLANG_WARN_COMMA = YES;
				CLANG_WARN_CONSTANT_CONVERSION = YES;
				CLANG_WARN_DIRECT_OBJC_ISA_USAGE = YES_ERROR;
				CLANG_WARN_DOCUMENTATION_COMMENTS = YES;
				CLANG_WARN_EMPTY_BODY = YES;
				CLANG_WARN_ENUM_CONVERSION = YES;
				CLANG_WARN_INFINITE_RECURSION = YES;
				CLANG_WARN_INT_CONVERSION = YES;
				CLANG_WARN_OBJC_ROOT_CLASS = YES_ERROR;
				CLANG_WARN_RANGE_LOOP_ANALYSIS = YES;
				CLANG_WARN_STRICT_PROTOTYPES = YES;
				CLANG_WARN_SUSPICIOUS_MOVE = YES;
				CLANG_WARN_UNGUARDED_AVAILABILITY = YES_AGGRESSIVE;
				CLANG_WARN_UNREACHABLE_CODE = YES;
				CLANG_WARN__DUPLICATE_METHOD_MATCH = YES;
				CODE_SIGN_IDENTITY = "iPhone Developer";
				COPY_PHASE_STRIP = NO;
				DEBUG_INFORMATION_FORMAT = dwarf;
				ENABLE_STRICT_OBJC_MSGSEND = YES;
				ENABLE_TESTABILITY = YES;
				GCC_C_LANGUAGE_STANDARD = gnu11;
				GCC_DYNAMIC_NO_PIC = NO;
				GCC_NO_COMMON_BLOCKS = YES;
				GCC_OPTIMIZATION_LEVEL = 0;
				GCC_PREPROCESSOR_DEFINITIONS = (
					"DEBUG=1",
					"$(inherited)",
				);
				GCC_WARN_64_TO_32_BIT_CONVERSION = YES;
				GCC_WARN_ABOUT_RETURN_TYPE = YES_ERROR;
				GCC_WARN_UNDECLARED_SELECTOR = YES;
				GCC_WARN_UNINITIALIZED_AUTOS = YES_AGGRESSIVE;
				GCC_WARN_UNUSED_FUNCTION = YES;
				GCC_WARN_UNUSED_VARIABLE = YES;
				IPHONEOS_DEPLOYMENT_TARGET = 11.0;
				MTL_ENABLE_DEBUG_INFO = YES;
				ONLY_ACTIVE_ARCH = YES;
				SDKROOT = iphoneos;
				SWIFT_ACTIVE_COMPILATION_CONDITIONS = DEBUG;
				SWIFT_OPTIMIZATION_LEVEL = "-Onone";
			};
			name = Debug;
		};
		06B51C851EF543DD00CA9279 /* Release */ = {
			isa = XCBuildConfiguration;
			buildSettings = {
				ALWAYS_SEARCH_USER_PATHS = NO;
				CLANG_ANALYZER_NONNULL = YES;
				CLANG_ANALYZER_NUMBER_OBJECT_CONVERSION = YES_AGGRESSIVE;
				CLANG_CXX_LANGUAGE_STANDARD = "gnu++14";
				CLANG_CXX_LIBRARY = "libc++";
				CLANG_ENABLE_MODULES = YES;
				CLANG_ENABLE_OBJC_ARC = YES;
				CLANG_WARN_BLOCK_CAPTURE_AUTORELEASING = YES;
				CLANG_WARN_BOOL_CONVERSION = YES;
				CLANG_WARN_COMMA = YES;
				CLANG_WARN_CONSTANT_CONVERSION = YES;
				CLANG_WARN_DIRECT_OBJC_ISA_USAGE = YES_ERROR;
				CLANG_WARN_DOCUMENTATION_COMMENTS = YES;
				CLANG_WARN_EMPTY_BODY = YES;
				CLANG_WARN_ENUM_CONVERSION = YES;
				CLANG_WARN_INFINITE_RECURSION = YES;
				CLANG_WARN_INT_CONVERSION = YES;
				CLANG_WARN_OBJC_ROOT_CLASS = YES_ERROR;
				CLANG_WARN_RANGE_LOOP_ANALYSIS = YES;
				CLANG_WARN_STRICT_PROTOTYPES = YES;
				CLANG_WARN_SUSPICIOUS_MOVE = YES;
				CLANG_WARN_UNGUARDED_AVAILABILITY = YES_AGGRESSIVE;
				CLANG_WARN_UNREACHABLE_CODE = YES;
				CLANG_WARN__DUPLICATE_METHOD_MATCH = YES;
				CODE_SIGN_IDENTITY = "iPhone Developer";
				COPY_PHASE_STRIP = NO;
				DEBUG_INFORMATION_FORMAT = "dwarf-with-dsym";
				ENABLE_NS_ASSERTIONS = NO;
				ENABLE_STRICT_OBJC_MSGSEND = YES;
				GCC_C_LANGUAGE_STANDARD = gnu11;
				GCC_NO_COMMON_BLOCKS = YES;
				GCC_WARN_64_TO_32_BIT_CONVERSION = YES;
				GCC_WARN_ABOUT_RETURN_TYPE = YES_ERROR;
				GCC_WARN_UNDECLARED_SELECTOR = YES;
				GCC_WARN_UNINITIALIZED_AUTOS = YES_AGGRESSIVE;
				GCC_WARN_UNUSED_FUNCTION = YES;
				GCC_WARN_UNUSED_VARIABLE = YES;
				IPHONEOS_DEPLOYMENT_TARGET = 11.0;
				MTL_ENABLE_DEBUG_INFO = NO;
				SDKROOT = iphoneos;
				SWIFT_OPTIMIZATION_LEVEL = "-Owholemodule";
				VALIDATE_PRODUCT = YES;
			};
			name = Release;
		};
		06B51C871EF543DD00CA9279 /* Debug */ = {
			isa = XCBuildConfiguration;
			buildSettings = {
				ASSETCATALOG_COMPILER_APPICON_NAME = AppIcon;
				INFOPLIST_FILE = "iOS-11-Sampler/Info.plist";
				LD_RUNPATH_SEARCH_PATHS = "$(inherited) @executable_path/Frameworks";
				PRODUCT_BUNDLE_IDENTIFIER = "com.artemnovichkov.iOS-11-Sampler";
				PRODUCT_NAME = "$(TARGET_NAME)";
				SWIFT_VERSION = 4.0;
				TARGETED_DEVICE_FAMILY = "1,2";
			};
			name = Debug;
		};
		06B51C881EF543DD00CA9279 /* Release */ = {
			isa = XCBuildConfiguration;
			buildSettings = {
				ASSETCATALOG_COMPILER_APPICON_NAME = AppIcon;
				INFOPLIST_FILE = "iOS-11-Sampler/Info.plist";
				LD_RUNPATH_SEARCH_PATHS = "$(inherited) @executable_path/Frameworks";
				PRODUCT_BUNDLE_IDENTIFIER = "com.artemnovichkov.iOS-11-Sampler";
				PRODUCT_NAME = "$(TARGET_NAME)";
				SWIFT_VERSION = 4.0;
				TARGETED_DEVICE_FAMILY = "1,2";
			};
			name = Release;
		};
/* End XCBuildConfiguration section */

/* Begin XCConfigurationList section */
		06B51C6F1EF543DD00CA9279 /* Build configuration list for PBXProject "iOS-11-Sampler" */ = {
			isa = XCConfigurationList;
			buildConfigurations = (
				06B51C841EF543DD00CA9279 /* Debug */,
				06B51C851EF543DD00CA9279 /* Release */,
			);
			defaultConfigurationIsVisible = 0;
			defaultConfigurationName = Release;
		};
		06B51C861EF543DD00CA9279 /* Build configuration list for PBXNativeTarget "iOS-11-Sampler" */ = {
			isa = XCConfigurationList;
			buildConfigurations = (
				06B51C871EF543DD00CA9279 /* Debug */,
				06B51C881EF543DD00CA9279 /* Release */,
			);
			defaultConfigurationIsVisible = 0;
		};
/* End XCConfigurationList section */
	};
	rootObject = 06B51C6C1EF543DD00CA9279 /* Project object */;
}
